Microsoft Visual Studio Solution File, Format Version 11.00
# Visual Studio 2008

Project("{20834EFD-727D-71DC-7355-F5F36B0BAFCD}") = "kpate222_RockPaperScissor", "Assembly-CSharp.csproj", "{94883D08-D6DA-D07C-5A07-2755A1CF9BA8}"
EndProject
Global
	GlobalSection(SolutionConfigurationPlatforms) = preSolution
		Debug|Any CPU = Debug|Any CPU
		Release|Any CPU = Release|Any CPU
	EndGlobalSection
	GlobalSection(ProjectConfigurationPlatforms) = postSolution
		{94883D08-D6DA-D07C-5A07-2755A1CF9BA8}.Debug|Any CPU.ActiveCfg = Debug|Any CPU
		{94883D08-D6DA-D07C-5A07-2755A1CF9BA8}.Debug|Any CPU.Build.0 = Debug|Any CPU
		{94883D08-D6DA-D07C-5A07-2755A1CF9BA8}.Release|Any CPU.ActiveCfg = Release|Any CPU
		{94883D08-D6DA-D07C-5A07-2755A1CF9BA8}.Release|Any CPU.Build.0 = Release|Any CPU
	EndGlobalSection
	GlobalSection(SolutionProperties) = preSolution
		HideSolutionNode = FALSE
	EndGlobalSection
	GlobalSection(MonoDevelopProperties) = preSolution
		StartupItem = Assembly-CSharp.csproj
	EndGlobalSection
EndGlobal
